# This file is automatically @generated by Cargo.
# It is not intended for manual editing.
[[package]]
name = "bitflags"
version = "1.2.1"
source = "registry+https://github.com/rust-lang/crates.io-index"
checksum = "cf1de2fe8c75bc145a2f577add951f8134889b4795d47466a54a5c846d691693"

[[package]]
name = "defile"
version = "0.1.2"
source = "registry+https://github.com/rust-lang/crates.io-index"
checksum = "4362749ff7c9a178a405cde5e93c1f5de0cb66403313460e1e10f09632592513"
dependencies = [
 "defile-proc_macros",
]

[[package]]
name = "defile-proc_macros"
version = "0.1.2"
source = "registry+https://github.com/rust-lang/crates.io-index"
checksum = "f86f4483ac4efccc7a82314a40a7234a352181aa8aa8369a7c5bebfdd94a9b46"

[[package]]
name = "devicetree"
version = "0.1.0"

[[package]]
name = "kernel"
version = "0.1.0"
dependencies = [
 "devicetree",
 "riscv",
 "rumio",
 "sbi",
]

[[package]]
name = "riscv"
version = "0.1.0"

[[package]]
name = "rumio"
version = "0.2.0"
dependencies = [
 "bitflags",
 "defile",
]

[[package]]
name = "sbi"
version = "0.1.0"
dependencies = [
 "riscv",
]
