# This file is automatically @generated by Cargo.
# It is not intended for manual editing.
[[package]]
name = "bitflags"
version = "1.2.1"
source = "registry+https://github.com/rust-lang/crates.io-index"
checksum = "cf1de2fe8c75bc145a2f577add951f8134889b4795d47466a54a5c846d691693"

[[package]]
name = "defile"
version = "0.1.2"
source = "registry+https://github.com/rust-lang/crates.io-index"
checksum = "4362749ff7c9a178a405cde5e93c1f5de0cb66403313460e1e10f09632592513"
dependencies = [
 "defile-proc_macros",
]

[[package]]
name = "defile-proc_macros"
version = "0.1.2"
source = "registry+https://github.com/rust-lang/crates.io-index"
checksum = "f86f4483ac4efccc7a82314a40a7234a352181aa8aa8369a7c5bebfdd94a9b46"

[[package]]
name = "devicetree"
version = "0.1.0"

[[package]]
name = "kernel"
version = "0.1.0"
dependencies = [
 "devicetree",
 "riscv",
 "rumio",
 "sbi",
]

[[package]]
name = "lock_api"
version = "0.4.2"
source = "registry+https://github.com/rust-lang/crates.io-index"
checksum = "dd96ffd135b2fd7b973ac026d28085defbe8983df057ced3eb4f2130b0831312"
dependencies = [
 "scopeguard",
]

[[package]]
name = "riscv"
version = "0.1.0"
dependencies = [
 "lock_api",
 "spin",
]

[[package]]
name = "rumio"
version = "0.2.0"
dependencies = [
 "bitflags",
 "defile",
]

[[package]]
name = "sbi"
version = "0.1.0"
dependencies = [
 "riscv",
]

[[package]]
name = "scopeguard"
version = "1.1.0"
source = "registry+https://github.com/rust-lang/crates.io-index"
checksum = "d29ab0c6d3fc0ee92fe66e2d99f700eab17a8d57d1c1d3b748380fb20baa78cd"

[[package]]
name = "spin"
version = "0.7.1"
source = "registry+https://github.com/rust-lang/crates.io-index"
checksum = "13287b4da9d1207a4f4929ac390916d64eacfe236a487e9a9f5b3be392be5162"
dependencies = [
 "lock_api",
]
